
Microsoft Visual Studio Solution File, Format Version 12.00
# Visual Studio 14
VisualStudioVersion = 14.0.23107.0
MinimumVisualStudioVersion = 10.0.40219.1
Project("{FAE04EC0-301F-11D3-BF4B-00C04F79EFBC}") = "MissingRowFinder", "MissingRowFinder\MissingRowFinder.csproj", "{FE85E607-E44B-49BD-8E2E-3FA84F276780}"
EndProject
Project("{FAE04EC0-301F-11D3-BF4B-00C04F79EFBC}") = "MissingRowFinder.BusinessService", "MissingRowFinderBusinessLayer\MissingRowFinder.BusinessService.csproj", "{8BBEAA6D-0BAF-44D4-82DC-444D65D76DCD}"
EndProject
Project("{FAE04EC0-301F-11D3-BF4B-00C04F79EFBC}") = "MissingRowFinder.DataAccess", "MissingRowFinderDataAccessLayer\MissingRowFinder.DataAccess.csproj", "{818462D5-9870-4671-9077-0A4DED908788}"
EndProject
Global
	GlobalSection(SolutionConfigurationPlatforms) = preSolution
		Debug|Any CPU = Debug|Any CPU
		Release|Any CPU = Release|Any CPU
	EndGlobalSection
	GlobalSection(ProjectConfigurationPlatforms) = postSolution
		{FE85E607-E44B-49BD-8E2E-3FA84F276780}.Debug|Any CPU.ActiveCfg = Debug|Any CPU
		{FE85E607-E44B-49BD-8E2E-3FA84F276780}.Debug|Any CPU.Build.0 = Debug|Any CPU
		{FE85E607-E44B-49BD-8E2E-3FA84F276780}.Release|Any CPU.ActiveCfg = Release|Any CPU
		{FE85E607-E44B-49BD-8E2E-3FA84F276780}.Release|Any CPU.Build.0 = Release|Any CPU
		{8BBEAA6D-0BAF-44D4-82DC-444D65D76DCD}.Debug|Any CPU.ActiveCfg = Debug|Any CPU
		{8BBEAA6D-0BAF-44D4-82DC-444D65D76DCD}.Debug|Any CPU.Build.0 = Debug|Any CPU
		{8BBEAA6D-0BAF-44D4-82DC-444D65D76DCD}.Release|Any CPU.ActiveCfg = Release|Any CPU
		{8BBEAA6D-0BAF-44D4-82DC-444D65D76DCD}.Release|Any CPU.Build.0 = Release|Any CPU
		{818462D5-9870-4671-9077-0A4DED908788}.Debug|Any CPU.ActiveCfg = Debug|Any CPU
		{818462D5-9870-4671-9077-0A4DED908788}.Debug|Any CPU.Build.0 = Debug|Any CPU
		{818462D5-9870-4671-9077-0A4DED908788}.Release|Any CPU.ActiveCfg = Release|Any CPU
		{818462D5-9870-4671-9077-0A4DED908788}.Release|Any CPU.Build.0 = Release|Any CPU
	EndGlobalSection
	GlobalSection(SolutionProperties) = preSolution
		HideSolutionNode = FALSE
	EndGlobalSection
EndGlobal
